
Microsoft Visual Studio Solution File, Format Version 12.00
# Visual Studio Version 16
VisualStudioVersion = 16.0.29806.167
MinimumVisualStudioVersion = 10.0.40219.1
Project("{8BC9CEB8-8B4A-11D0-8D11-00A0C91BC942}") = "SingletonManager", "SingletonManager\SingletonManager.vcxproj", "{093A1DCA-48E5-49F6-AA69-86C699DDB190}"
EndProject
Global
	GlobalSection(SolutionConfigurationPlatforms) = preSolution
		Debug|x64 = Debug|x64
		Debug|x86 = Debug|x86
		Release|x64 = Release|x64
		Release|x86 = Release|x86
	EndGlobalSection
	GlobalSection(ProjectConfigurationPlatforms) = postSolution
		{093A1DCA-48E5-49F6-AA69-86C699DDB190}.Debug|x64.ActiveCfg = Debug|x64
		{093A1DCA-48E5-49F6-AA69-86C699DDB190}.Debug|x64.Build.0 = Debug|x64
		{093A1DCA-48E5-49F6-AA69-86C699DDB190}.Debug|x86.ActiveCfg = Debug|Win32
		{093A1DCA-48E5-49F6-AA69-86C699DDB190}.Debug|x86.Build.0 = Debug|Win32
		{093A1DCA-48E5-49F6-AA69-86C699DDB190}.Release|x64.ActiveCfg = Release|x64
		{093A1DCA-48E5-49F6-AA69-86C699DDB190}.Release|x64.Build.0 = Release|x64
		{093A1DCA-48E5-49F6-AA69-86C699DDB190}.Release|x86.ActiveCfg = Release|Win32
		{093A1DCA-48E5-49F6-AA69-86C699DDB190}.Release|x86.Build.0 = Release|Win32
	EndGlobalSection
	GlobalSection(SolutionProperties) = preSolution
		HideSolutionNode = FALSE
	EndGlobalSection
	GlobalSection(ExtensibilityGlobals) = postSolution
		SolutionGuid = {4E8CA523-244D-40FF-BE37-CA0CE4308E8B}
	EndGlobalSection
EndGlobal
